
Microsoft Visual Studio Solution File, Format Version 12.00
# Visual Studio Version 16
VisualStudioVersion = 16.0.30114.105
MinimumVisualStudioVersion = 10.0.40219.1
Project("{2150E333-8FDC-42A3-9474-1A3956D46DE8}") = "src", "src", "{C2F25AF1-C284-4D76-8F0B-2E1B8E4E5658}"
EndProject
Project("{FAE04EC0-301F-11D3-BF4B-00C04F79EFBC}") = "Asaas.Api.Dotnet", "src\Asaas.Api.Dotnet\Asaas.Api.Dotnet.csproj", "{DDDC9EEC-4ABC-46B9-99C4-69D8575EAE7D}"
EndProject
Project("{FAE04EC0-301F-11D3-BF4B-00C04F79EFBC}") = "Asaas.Api.Dotnet.Example", "src\Asaas.Api.Dotnet.Example\Asaas.Api.Dotnet.Example.csproj", "{BC439E5F-E8B2-416A-8A63-9858077C1A0B}"
EndProject
Global
	GlobalSection(SolutionConfigurationPlatforms) = preSolution
		Debug|Any CPU = Debug|Any CPU
		Release|Any CPU = Release|Any CPU
	EndGlobalSection
	GlobalSection(SolutionProperties) = preSolution
		HideSolutionNode = FALSE
	EndGlobalSection
	GlobalSection(ProjectConfigurationPlatforms) = postSolution
		{DDDC9EEC-4ABC-46B9-99C4-69D8575EAE7D}.Debug|Any CPU.ActiveCfg = Debug|Any CPU
		{DDDC9EEC-4ABC-46B9-99C4-69D8575EAE7D}.Debug|Any CPU.Build.0 = Debug|Any CPU
		{DDDC9EEC-4ABC-46B9-99C4-69D8575EAE7D}.Release|Any CPU.ActiveCfg = Release|Any CPU
		{DDDC9EEC-4ABC-46B9-99C4-69D8575EAE7D}.Release|Any CPU.Build.0 = Release|Any CPU
		{BC439E5F-E8B2-416A-8A63-9858077C1A0B}.Debug|Any CPU.ActiveCfg = Debug|Any CPU
		{BC439E5F-E8B2-416A-8A63-9858077C1A0B}.Debug|Any CPU.Build.0 = Debug|Any CPU
		{BC439E5F-E8B2-416A-8A63-9858077C1A0B}.Release|Any CPU.ActiveCfg = Release|Any CPU
		{BC439E5F-E8B2-416A-8A63-9858077C1A0B}.Release|Any CPU.Build.0 = Release|Any CPU
	EndGlobalSection
	GlobalSection(NestedProjects) = preSolution
		{DDDC9EEC-4ABC-46B9-99C4-69D8575EAE7D} = {C2F25AF1-C284-4D76-8F0B-2E1B8E4E5658}
		{BC439E5F-E8B2-416A-8A63-9858077C1A0B} = {C2F25AF1-C284-4D76-8F0B-2E1B8E4E5658}
	EndGlobalSection
EndGlobal
